# This file is automatically @generated by Cargo.
# It is not intended for manual editing.
version = 3

[[package]]
name = "arcanum-android-bridge"
version = "0.1.0"
dependencies = [
 "arcanum-runtime",
]

[[package]]
name = "arcanum-android-jni"
version = "0.1.0"
dependencies = [
 "arcanum-android-bridge",
]

[[package]]
name = "arcanum-runtime"
version = "0.1.0"
